
Microsoft Visual Studio Solution File, Format Version 12.00
# Visual Studio 14
VisualStudioVersion = 14.0.23107.0
MinimumVisualStudioVersion = 10.0.40219.1
Project("{FAE04EC0-301F-11D3-BF4B-00C04F79EFBC}") = "FOS-SaveEditor", "FOS-SaveEditor\FOS-SaveEditor.csproj", "{4058234C-3C0A-47A5-993D-73067714E915}"
EndProject
Project("{FAE04EC0-301F-11D3-BF4B-00C04F79EFBC}") = "MACTrackBarLib", "FOS-SaveEditor\UserControls\MAC_Slider_C_Sharp_src\MACTrackBarLib\MACTrackBarLib.csproj", "{77A112B1-5440-440B-A0F6-2EDCC5B093CB}"
EndProject
Global
	GlobalSection(SolutionConfigurationPlatforms) = preSolution
		Debug|Any CPU = Debug|Any CPU
		Release|Any CPU = Release|Any CPU
	EndGlobalSection
	GlobalSection(ProjectConfigurationPlatforms) = postSolution
		{4058234C-3C0A-47A5-993D-73067714E915}.Debug|Any CPU.ActiveCfg = Debug|Any CPU
		{4058234C-3C0A-47A5-993D-73067714E915}.Debug|Any CPU.Build.0 = Debug|Any CPU
		{4058234C-3C0A-47A5-993D-73067714E915}.Release|Any CPU.ActiveCfg = Release|Any CPU
		{4058234C-3C0A-47A5-993D-73067714E915}.Release|Any CPU.Build.0 = Release|Any CPU
		{77A112B1-5440-440B-A0F6-2EDCC5B093CB}.Debug|Any CPU.ActiveCfg = Debug|Any CPU
		{77A112B1-5440-440B-A0F6-2EDCC5B093CB}.Debug|Any CPU.Build.0 = Debug|Any CPU
		{77A112B1-5440-440B-A0F6-2EDCC5B093CB}.Release|Any CPU.ActiveCfg = Release|Any CPU
		{77A112B1-5440-440B-A0F6-2EDCC5B093CB}.Release|Any CPU.Build.0 = Release|Any CPU
	EndGlobalSection
	GlobalSection(SolutionProperties) = preSolution
		HideSolutionNode = FALSE
	EndGlobalSection
EndGlobal
